
Microsoft Visual Studio Solution File, Format Version 12.00
# Visual Studio Version 17
VisualStudioVersion = 17.9.34728.123
MinimumVisualStudioVersion = 10.0.40219.1
Project("{FAE04EC0-301F-11D3-BF4B-00C04F79EFBC}") = "AxpoConsoleApplication", "ConsoleApp1\AxpoConsoleApplication.csproj", "{56CEA7DB-4CC2-41EF-8ABB-88F74101D178}"
EndProject
Global
	GlobalSection(SolutionConfigurationPlatforms) = preSolution
		Debug|Any CPU = Debug|Any CPU
		Release|Any CPU = Release|Any CPU
	EndGlobalSection
	GlobalSection(ProjectConfigurationPlatforms) = postSolution
		{56CEA7DB-4CC2-41EF-8ABB-88F74101D178}.Debug|Any CPU.ActiveCfg = Debug|Any CPU
		{56CEA7DB-4CC2-41EF-8ABB-88F74101D178}.Debug|Any CPU.Build.0 = Debug|Any CPU
		{56CEA7DB-4CC2-41EF-8ABB-88F74101D178}.Release|Any CPU.ActiveCfg = Release|Any CPU
		{56CEA7DB-4CC2-41EF-8ABB-88F74101D178}.Release|Any CPU.Build.0 = Release|Any CPU
	EndGlobalSection
	GlobalSection(SolutionProperties) = preSolution
		HideSolutionNode = FALSE
	EndGlobalSection
	GlobalSection(ExtensibilityGlobals) = postSolution
		SolutionGuid = {1141B833-C955-4918-90E0-66E19EBD8511}
	EndGlobalSection
EndGlobal
